
Microsoft Visual Studio Solution File, Format Version 12.00
# Visual Studio Version 17
VisualStudioVersion = 17.3.32929.385
MinimumVisualStudioVersion = 10.0.40219.1
Project("{FAE04EC0-301F-11D3-BF4B-00C04F79EFBC}") = "LookinSharp", "LookinSharp\LookinSharp.csproj", "{BA433CFD-BC97-490D-B8D8-8E99D09308E0}"
EndProject
Global
	GlobalSection(SolutionConfigurationPlatforms) = preSolution
		Debug|Any CPU = Debug|Any CPU
		Release|Any CPU = Release|Any CPU
	EndGlobalSection
	GlobalSection(ProjectConfigurationPlatforms) = postSolution
		{BA433CFD-BC97-490D-B8D8-8E99D09308E0}.Debug|Any CPU.ActiveCfg = Debug|Any CPU
		{BA433CFD-BC97-490D-B8D8-8E99D09308E0}.Debug|Any CPU.Build.0 = Debug|Any CPU
		{BA433CFD-BC97-490D-B8D8-8E99D09308E0}.Release|Any CPU.ActiveCfg = Release|Any CPU
		{BA433CFD-BC97-490D-B8D8-8E99D09308E0}.Release|Any CPU.Build.0 = Release|Any CPU
	EndGlobalSection
	GlobalSection(SolutionProperties) = preSolution
		HideSolutionNode = FALSE
	EndGlobalSection
	GlobalSection(ExtensibilityGlobals) = postSolution
		SolutionGuid = {D88DE248-8920-4F45-B83E-F9BF31E415F6}
	EndGlobalSection
EndGlobal
